dependencies:
- name: postgresql
  repository: https://charts.bitnami.com/bitnami
  version: 8.9.1
- name: rabbitmq
  repository: https://charts.bitnami.com/bitnami
  version: 6.25.5
digest: sha256:9bdae35181131aa0257030291797d4fd7f91e7c1851345928bbf223ad869a9c7
generated: "2020-04-23T12:06:15.990433221+02:00"
