dependencies:
- name: postgresql
  repository: https://charts.bitnami.com/bitnami
  version: 8.9.1
- name: rabbitmq
  repository: https://charts.bitnami.com/bitnami
  version: 6.25.5
- name: mongodb
  repository: https://charts.bitnami.com/bitnami
  version: 7.13.0
digest: sha256:f2d95d0f034749fd1efc407b609882a4d43161de4c6aa1398d4867718a602f7b
generated: "2020-04-23T12:42:05.84050605+02:00"
