dependencies:
- name: postgresql
  repository: https://charts.bitnami.com/bitnami
  version: 8.9.1
- name: rabbitmq
  repository: https://charts.bitnami.com/bitnami
  version: 6.25.5
- name: mongodb
  repository: https://charts.bitnami.com/bitnami
  version: 7.13.0
- name: kubernetes-ingress
  repository: https://haproxytech.github.io/helm-charts
  version: 1.4.1
digest: sha256:8181df5ce61074093da953f0639887ec06bfb8e76e5b461bcb9d323ef2a94e93
generated: "2020-07-03T13:43:00.11969124+02:00"
